// !$*UTF8*$!
{
	archiveVersion = 1;
	classes = {
	};
	objectVersion = 46;
	objects = {

/* Begin PBXBuildFile section */
		DE4DCC541D0C5A2D00B7AE5D /* AppDelegate.swift in Sources */ = {isa = PBXBuildFile; fileRef = DE4DCC531D0C5A2D00B7AE5D /* AppDelegate.swift */; };
		DE4DCC561D0C5A2D00B7AE5D /* ViewController.swift in Sources */ = {isa = PBXBuildFile; fileRef = DE4DCC551D0C5A2D00B7AE5D /* ViewController.swift */; };
		DE4DCC591D0C5A2D00B7AE5D /* Main.storyboard in Resources */ = {isa = PBXBuildFile; fileRef = DE4DCC571D0C5A2D00B7AE5D /* Main.storyboard */; };
		DE4DCC5B1D0C5A2D00B7AE5D /* Assets.xcassets in Resources */ = {isa = PBXBuildFile; fileRef = DE4DCC5A1D0C5A2D00B7AE5D /* Assets.xcassets */; };
		DE4DCC5E1D0C5A2D00B7AE5D /* LaunchScreen.storyboard in Resources */ = {isa = PBXBuildFile; fileRef = DE4DCC5C1D0C5A2D00B7AE5D /* LaunchScreen.storyboard */; };
		DE4DCC691D0C5A2D00B7AE5D /* StorytellerTests.swift in Sources */ = {isa = PBXBuildFile; fileRef = DE4DCC681D0C5A2D00B7AE5D /* StorytellerTests.swift */; };
		DE4DCC741D0C5A2D00B7AE5D /* StorytellerUITests.swift in Sources */ = {isa = PBXBuildFile; fileRef = DE4DCC731D0C5A2D00B7AE5D /* StorytellerUITests.swift */; };
		DEC5A0F01D0C6EBF00C29A33 /* ConvertibleButton.swift in Sources */ = {isa = PBXBuildFile; fileRef = DEC5A0ED1D0C6EBF00C29A33 /* ConvertibleButton.swift */; };
		DEC5A0F11D0C6EBF00C29A33 /* ConvertibleView.swift in Sources */ = {isa = PBXBuildFile; fileRef = DEC5A0EE1D0C6EBF00C29A33 /* ConvertibleView.swift */; };
		DEC5A0F21D0C6EBF00C29A33 /* UIKitConversionScene.swift in Sources */ = {isa = PBXBuildFile; fileRef = DEC5A0EF1D0C6EBF00C29A33 /* UIKitConversionScene.swift */; };
		DEC5A0F51D0C6FA300C29A33 /* SpriteKit.framework in Frameworks */ = {isa = PBXBuildFile; fileRef = DEC5A0F41D0C6FA300C29A33 /* SpriteKit.framework */; };
/* End PBXBuildFile section */

/* Begin PBXContainerItemProxy section */
		DE4DCC651D0C5A2D00B7AE5D /* PBXContainerItemProxy */ = {
			isa = PBXContainerItemProxy;
			containerPortal = DE4DCC481D0C5A2D00B7AE5D /* Project object */;
			proxyType = 1;
			remoteGlobalIDString = DE4DCC4F1D0C5A2D00B7AE5D;
			remoteInfo = Storyteller;
		};
		DE4DCC701D0C5A2D00B7AE5D /* PBXContainerItemProxy */ = {
			isa = PBXContainerItemProxy;
			containerPortal = DE4DCC481D0C5A2D00B7AE5D /* Project object */;
			proxyType = 1;
			remoteGlobalIDString = DE4DCC4F1D0C5A2D00B7AE5D;
			remoteInfo = Storyteller;
		};
/* End PBXContainerItemProxy section */

/* Begin PBXFileReference section */
		DE4DCC501D0C5A2D00B7AE5D /* Storyteller.app */ = {isa = PBXFileReference; explicitFileType = wrapper.application; includeInIndex = 0; path = Storyteller.app; sourceTree = BUILT_PRODUCTS_DIR; };
		DE4DCC531D0C5A2D00B7AE5D /* AppDelegate.swift */ = {isa = PBXFileReference; lastKnownFileType = sourcecode.swift; path = AppDelegate.swift; sourceTree = "<group>"; };
		DE4DCC551D0C5A2D00B7AE5D /* ViewController.swift */ = {isa = PBXFileReference; lastKnownFileType = sourcecode.swift; path = ViewController.swift; sourceTree = "<group>"; };
		DE4DCC581D0C5A2D00B7AE5D /* Base */ = {isa = PBXFileReference; lastKnownFileType = file.storyboard; name = Base; path = Base.lproj/Main.storyboard; sourceTree = "<group>"; };
		DE4DCC5A1D0C5A2D00B7AE5D /* Assets.xcassets */ = {isa = PBXFileReference; lastKnownFileType = folder.assetcatalog; path = Assets.xcassets; sourceTree = "<group>"; };
		DE4DCC5D1D0C5A2D00B7AE5D /* Base */ = {isa = PBXFileReference; lastKnownFileType = file.storyboard; name = Base; path = Base.lproj/LaunchScreen.storyboard; sourceTree = "<group>"; };
		DE4DCC5F1D0C5A2D00B7AE5D /* Info.plist */ = {isa = PBXFileReference; lastKnownFileType = text.plist.xml; path = Info.plist; sourceTree = "<group>"; };
		DE4DCC641D0C5A2D00B7AE5D /* StorytellerTests.xctest */ = {isa = PBXFileReference; explicitFileType = wrapper.cfbundle; includeInIndex = 0; path = StorytellerTests.xctest; sourceTree = BUILT_PRODUCTS_DIR; };
		DE4DCC681D0C5A2D00B7AE5D /* StorytellerTests.swift */ = {isa = PBXFileReference; lastKnownFileType = sourcecode.swift; path = StorytellerTests.swift; sourceTree = "<group>"; };
		DE4DCC6A1D0C5A2D00B7AE5D /* Info.plist */ = {isa = PBXFileReference; lastKnownFileType = text.plist.xml; path = Info.plist; sourceTree = "<group>"; };
		DE4DCC6F1D0C5A2D00B7AE5D /* StorytellerUITests.xctest */ = {isa = PBXFileReference; explicitFileType = wrapper.cfbundle; includeInIndex = 0; path = StorytellerUITests.xctest; sourceTree = BUILT_PRODUCTS_DIR; };
		DE4DCC731D0C5A2D00B7AE5D /* StorytellerUITests.swift */ = {isa = PBXFileReference; lastKnownFileType = sourcecode.swift; path = StorytellerUITests.swift; sourceTree = "<group>"; };
		DE4DCC751D0C5A2D00B7AE5D /* Info.plist */ = {isa = PBXFileReference; lastKnownFileType = text.plist.xml; path = Info.plist; sourceTree = "<group>"; };
		DEC5A0ED1D0C6EBF00C29A33 /* ConvertibleButton.swift */ = {isa = PBXFileReference; fileEncoding = 4; lastKnownFileType = sourcecode.swift; name = ConvertibleButton.swift; path = UIKitToSpriteKit/ConvertibleButton.swift; sourceTree = "<group>"; };
		DEC5A0EE1D0C6EBF00C29A33 /* ConvertibleView.swift */ = {isa = PBXFileReference; fileEncoding = 4; lastKnownFileType = sourcecode.swift; name = ConvertibleView.swift; path = UIKitToSpriteKit/ConvertibleView.swift; sourceTree = "<group>"; };
		DEC5A0EF1D0C6EBF00C29A33 /* UIKitConversionScene.swift */ = {isa = PBXFileReference; fileEncoding = 4; lastKnownFileType = sourcecode.swift; name = UIKitConversionScene.swift; path = UIKitToSpriteKit/UIKitConversionScene.swift; sourceTree = "<group>"; };
		DEC5A0F41D0C6FA300C29A33 /* SpriteKit.framework */ = {isa = PBXFileReference; lastKnownFileType = wrapper.framework; name = SpriteKit.framework; path = System/Library/Frameworks/SpriteKit.framework; sourceTree = SDKROOT; };
/* End PBXFileReference section */

/* Begin PBXFrameworksBuildPhase section */
		DE4DCC4D1D0C5A2D00B7AE5D /* Frameworks */ = {
			isa = PBXFrameworksBuildPhase;
			buildActionMask = 2147483647;
			files = (
				DEC5A0F51D0C6FA300C29A33 /* SpriteKit.framework in Frameworks */,
			);
			runOnlyForDeploymentPostprocessing = 0;
		};
		DE4DCC611D0C5A2D00B7AE5D /* Frameworks */ = {
			isa = PBXFrameworksBuildPhase;
			buildActionMask = 2147483647;
			files = (
			);
			runOnlyForDeploymentPostprocessing = 0;
		};
		DE4DCC6C1D0C5A2D00B7AE5D /* Frameworks */ = {
			isa = PBXFrameworksBuildPhase;
			buildActionMask = 2147483647;
			files = (
			);
			runOnlyForDeploymentPostprocessing = 0;
		};
/* End PBXFrameworksBuildPhase section */

/* Begin PBXGroup section */
		DE4DCC471D0C5A2D00B7AE5D = {
			isa = PBXGroup;
			children = (
				DEC5A0F41D0C6FA300C29A33 /* SpriteKit.framework */,
				DE4DCC521D0C5A2D00B7AE5D /* Storyteller */,
				DE4DCC671D0C5A2D00B7AE5D /* StorytellerTests */,
				DE4DCC721D0C5A2D00B7AE5D /* StorytellerUITests */,
				DE4DCC511D0C5A2D00B7AE5D /* Products */,
			);
			sourceTree = "<group>";
		};
		DE4DCC511D0C5A2D00B7AE5D /* Products */ = {
			isa = PBXGroup;
			children = (
				DE4DCC501D0C5A2D00B7AE5D /* Storyteller.app */,
				DE4DCC641D0C5A2D00B7AE5D /* StorytellerTests.xctest */,
				DE4DCC6F1D0C5A2D00B7AE5D /* StorytellerUITests.xctest */,
			);
			name = Products;
			sourceTree = "<group>";
		};
		DE4DCC521D0C5A2D00B7AE5D /* Storyteller */ = {
			isa = PBXGroup;
			children = (
				DEC5A0F31D0C6ED000C29A33 /* UIKitToSpriteKit */,
				DE4DCC531D0C5A2D00B7AE5D /* AppDelegate.swift */,
				DE4DCC551D0C5A2D00B7AE5D /* ViewController.swift */,
				DE4DCC571D0C5A2D00B7AE5D /* Main.storyboard */,
				DE4DCC5A1D0C5A2D00B7AE5D /* Assets.xcassets */,
				DE4DCC5C1D0C5A2D00B7AE5D /* LaunchScreen.storyboard */,
				DE4DCC5F1D0C5A2D00B7AE5D /* Info.plist */,
			);
			path = Storyteller;
			sourceTree = "<group>";
		};
		DE4DCC671D0C5A2D00B7AE5D /* StorytellerTests */ = {
			isa = PBXGroup;
			children = (
				DE4DCC681D0C5A2D00B7AE5D /* StorytellerTests.swift */,
				DE4DCC6A1D0C5A2D00B7AE5D /* Info.plist */,
			);
			path = StorytellerTests;
			sourceTree = "<group>";
		};
		DE4DCC721D0C5A2D00B7AE5D /* StorytellerUITests */ = {
			isa = PBXGroup;
			children = (
				DE4DCC731D0C5A2D00B7AE5D /* StorytellerUITests.swift */,
				DE4DCC751D0C5A2D00B7AE5D /* Info.plist */,
			);
			path = StorytellerUITests;
			sourceTree = "<group>";
		};
		DEC5A0F31D0C6ED000C29A33 /* UIKitToSpriteKit */ = {
			isa = PBXGroup;
			children = (
				DEC5A0ED1D0C6EBF00C29A33 /* ConvertibleButton.swift */,
				DEC5A0EE1D0C6EBF00C29A33 /* ConvertibleView.swift */,
				DEC5A0EF1D0C6EBF00C29A33 /* UIKitConversionScene.swift */,
			);
			name = UIKitToSpriteKit;
			sourceTree = "<group>";
		};
/* End PBXGroup section */

/* Begin PBXNativeTarget section */
		DE4DCC4F1D0C5A2D00B7AE5D /* Storyteller */ = {
			isa = PBXNativeTarget;
			buildConfigurationList = DE4DCC781D0C5A2D00B7AE5D /* Build configuration list for PBXNativeTarget "Storyteller" */;
			buildPhases = (
				DE4DCC4C1D0C5A2D00B7AE5D /* Sources */,
				DE4DCC4D1D0C5A2D00B7AE5D /* Frameworks */,
				DE4DCC4E1D0C5A2D00B7AE5D /* Resources */,
			);
			buildRules = (
			);
			dependencies = (
			);
			name = Storyteller;
			productName = Storyteller;
			productReference = DE4DCC501D0C5A2D00B7AE5D /* Storyteller.app */;
			productType = "com.apple.product-type.application";
		};
		DE4DCC631D0C5A2D00B7AE5D /* StorytellerTests */ = {
			isa = PBXNativeTarget;
			buildConfigurationList = DE4DCC7B1D0C5A2D00B7AE5D /* Build configuration list for PBXNativeTarget "StorytellerTests" */;
			buildPhases = (
				DE4DCC601D0C5A2D00B7AE5D /* Sources */,
				DE4DCC611D0C5A2D00B7AE5D /* Frameworks */,
				DE4DCC621D0C5A2D00B7AE5D /* Resources */,
			);
			buildRules = (
			);
			dependencies = (
				DE4DCC661D0C5A2D00B7AE5D /* PBXTargetDependency */,
			);
			name = StorytellerTests;
			productName = StorytellerTests;
			productReference = DE4DCC641D0C5A2D00B7AE5D /* StorytellerTests.xctest */;
			productType = "com.apple.product-type.bundle.unit-test";
		};
		DE4DCC6E1D0C5A2D00B7AE5D /* StorytellerUITests */ = {
			isa = PBXNativeTarget;
			buildConfigurationList = DE4DCC7E1D0C5A2D00B7AE5D /* Build configuration list for PBXNativeTarget "StorytellerUITests" */;
			buildPhases = (
				DE4DCC6B1D0C5A2D00B7AE5D /* Sources */,
				DE4DCC6C1D0C5A2D00B7AE5D /* Frameworks */,
				DE4DCC6D1D0C5A2D00B7AE5D /* Resources */,
			);
			buildRules = (
			);
			dependencies = (
				DE4DCC711D0C5A2D00B7AE5D /* PBXTargetDependency */,
			);
			name = StorytellerUITests;
			productName = StorytellerUITests;
			productReference = DE4DCC6F1D0C5A2D00B7AE5D /* StorytellerUITests.xctest */;
			productType = "com.apple.product-type.bundle.ui-testing";
		};
/* End PBXNativeTarget section */

/* Begin PBXProject section */
		DE4DCC481D0C5A2D00B7AE5D /* Project object */ = {
			isa = PBXProject;
			attributes = {
				LastSwiftUpdateCheck = 0730;
				LastUpgradeCheck = 0730;
				ORGANIZATIONNAME = RyanBritt;
				TargetAttributes = {
					DE4DCC4F1D0C5A2D00B7AE5D = {
						CreatedOnToolsVersion = 7.3.1;
					};
					DE4DCC631D0C5A2D00B7AE5D = {
						CreatedOnToolsVersion = 7.3.1;
						TestTargetID = DE4DCC4F1D0C5A2D00B7AE5D;
					};
					DE4DCC6E1D0C5A2D00B7AE5D = {
						CreatedOnToolsVersion = 7.3.1;
						TestTargetID = DE4DCC4F1D0C5A2D00B7AE5D;
					};
				};
			};
			buildConfigurationList = DE4DCC4B1D0C5A2D00B7AE5D /* Build configuration list for PBXProject "Storyteller" */;
			compatibilityVersion = "Xcode 3.2";
			developmentRegion = English;
			hasScannedForEncodings = 0;
			knownRegions = (
				en,
				Base,
			);
			mainGroup = DE4DCC471D0C5A2D00B7AE5D;
			productRefGroup = DE4DCC511D0C5A2D00B7AE5D /* Products */;
			projectDirPath = "";
			projectRoot = "";
			targets = (
				DE4DCC4F1D0C5A2D00B7AE5D /* Storyteller */,
				DE4DCC631D0C5A2D00B7AE5D /* StorytellerTests */,
				DE4DCC6E1D0C5A2D00B7AE5D /* StorytellerUITests */,
			);
		};
/* End PBXProject section */

/* Begin PBXResourcesBuildPhase section */
		DE4DCC4E1D0C5A2D00B7AE5D /* Resources */ = {
			isa = PBXResourcesBuildPhase;
			buildActionMask = 2147483647;
			files = (
				DE4DCC5E1D0C5A2D00B7AE5D /* LaunchScreen.storyboard in Resources */,
				DE4DCC5B1D0C5A2D00B7AE5D /* Assets.xcassets in Resources */,
				DE4DCC591D0C5A2D00B7AE5D /* Main.storyboard in Resources */,
			);
			runOnlyForDeploymentPostprocessing = 0;
		};
		DE4DCC621D0C5A2D00B7AE5D /* Resources */ = {
			isa = PBXResourcesBuildPhase;
			buildActionMask = 2147483647;
			files = (
			);
			runOnlyForDeploymentPostprocessing = 0;
		};
		DE4DCC6D1D0C5A2D00B7AE5D /* Resources */ = {
			isa = PBXResourcesBuildPhase;
			buildActionMask = 2147483647;
			files = (
			);
			runOnlyForDeploymentPostprocessing = 0;
		};
/* End PBXResourcesBuildPhase section */

/* Begin PBXSourcesBuildPhase section */
		DE4DCC4C1D0C5A2D00B7AE5D /* Sources */ = {
			isa = PBXSourcesBuildPhase;
			buildActionMask = 2147483647;
			files = (
				DEC5A0F11D0C6EBF00C29A33 /* ConvertibleView.swift in Sources */,
				DE4DCC561D0C5A2D00B7AE5D /* ViewController.swift in Sources */,
				DE4DCC541D0C5A2D00B7AE5D /* AppDelegate.swift in Sources */,
				DEC5A0F01D0C6EBF00C29A33 /* ConvertibleButton.swift in Sources */,
				DEC5A0F21D0C6EBF00C29A33 /* UIKitConversionScene.swift in Sources */,
			);
			runOnlyForDeploymentPostprocessing = 0;
		};
		DE4DCC601D0C5A2D00B7AE5D /* Sources */ = {
			isa = PBXSourcesBuildPhase;
			buildActionMask = 2147483647;
			files = (
				DE4DCC691D0C5A2D00B7AE5D /* StorytellerTests.swift in Sources */,
			);
			runOnlyForDeploymentPostprocessing = 0;
		};
		DE4DCC6B1D0C5A2D00B7AE5D /* Sources */ = {
			isa = PBXSourcesBuildPhase;
			buildActionMask = 2147483647;
			files = (
				DE4DCC741D0C5A2D00B7AE5D /* StorytellerUITests.swift in Sources */,
			);
			runOnlyForDeploymentPostprocessing = 0;
		};
/* End PBXSourcesBuildPhase section */

/* Begin PBXTargetDependency section */
		DE4DCC661D0C5A2D00B7AE5D /* PBXTargetDependency */ = {
			isa = PBXTargetDependency;
			target = DE4DCC4F1D0C5A2D00B7AE5D /* Storyteller */;
			targetProxy = DE4DCC651D0C5A2D00B7AE5D /* PBXContainerItemProxy */;
		};
		DE4DCC711D0C5A2D00B7AE5D /* PBXTargetDependency */ = {
			isa = PBXTargetDependency;
			target = DE4DCC4F1D0C5A2D00B7AE5D /* Storyteller */;
			targetProxy = DE4DCC701D0C5A2D00B7AE5D /* PBXContainerItemProxy */;
		};
/* End PBXTargetDependency section */

/* Begin PBXVariantGroup section */
		DE4DCC571D0C5A2D00B7AE5D /* Main.storyboard */ = {
			isa = PBXVariantGroup;
			children = (
				DE4DCC581D0C5A2D00B7AE5D /* Base */,
			);
			name = Main.storyboard;
			sourceTree = "<group>";
		};
		DE4DCC5C1D0C5A2D00B7AE5D /* LaunchScreen.storyboard */ = {
			isa = PBXVariantGroup;
			children = (
				DE4DCC5D1D0C5A2D00B7AE5D /* Base */,
			);
			name = LaunchScreen.storyboard;
			sourceTree = "<group>";
		};
/* End PBXVariantGroup section */

/* Begin XCBuildConfiguration section */
		DE4DCC761D0C5A2D00B7AE5D /* Debug */ = {
			isa = XCBuildConfiguration;
			buildSettings = {
				ALWAYS_SEARCH_USER_PATHS = NO;
				CLANG_ANALYZER_NONNULL = YES;
				CLANG_CXX_LANGUAGE_STANDARD = "gnu++0x";
				CLANG_CXX_LIBRARY = "libc++";
				CLANG_ENABLE_MODULES = YES;
				CLANG_ENABLE_OBJC_ARC = YES;
				CLANG_WARN_BOOL_CONVERSION = YES;
				CLANG_WARN_CONSTANT_CONVERSION = YES;
				CLANG_WARN_DIRECT_OBJC_ISA_USAGE = YES_ERROR;
				CLANG_WARN_EMPTY_BODY = YES;
				CLANG_WARN_ENUM_CONVERSION = YES;
				CLANG_WARN_INT_CONVERSION = YES;
				CLANG_WARN_OBJC_ROOT_CLASS = YES_ERROR;
				CLANG_WARN_UNREACHABLE_CODE = YES;
				CLANG_WARN__DUPLICATE_METHOD_MATCH = YES;
				"CODE_SIGN_IDENTITY[sdk=iphoneos*]" = "iPhone Developer";
				COPY_PHASE_STRIP = NO;
				DEBUG_INFORMATION_FORMAT = dwarf;
				ENABLE_STRICT_OBJC_MSGSEND = YES;
				ENABLE_TESTABILITY = YES;
				GCC_C_LANGUAGE_STANDARD = gnu99;
				GCC_DYNAMIC_NO_PIC = NO;
				GCC_NO_COMMON_BLOCKS = YES;
				GCC_OPTIMIZATION_LEVEL = 0;
				GCC_PREPROCESSOR_DEFINITIONS = (
					"DEBUG=1",
					"$(inherited)",
				);
				GCC_WARN_64_TO_32_BIT_CONVERSION = YES;
				GCC_WARN_ABOUT_RETURN_TYPE = YES_ERROR;
				GCC_WARN_UNDECLARED_SELECTOR = YES;
				GCC_WARN_UNINITIALIZED_AUTOS = YES_AGGRESSIVE;
				GCC_WARN_UNUSED_FUNCTION = YES;
				GCC_WARN_UNUSED_VARIABLE = YES;
				IPHONEOS_DEPLOYMENT_TARGET = 9.3;
				MTL_ENABLE_DEBUG_INFO = YES;
				ONLY_ACTIVE_ARCH = YES;
				SDKROOT = iphoneos;
				SWIFT_OPTIMIZATION_LEVEL = "-Onone";
				TARGETED_DEVICE_FAMILY = "1,2";
			};
			name = Debug;
		};
		DE4DCC771D0C5A2D00B7AE5D /* Release */ = {
			isa = XCBuildConfiguration;
			buildSettings = {
				ALWAYS_SEARCH_USER_PATHS = NO;
				CLANG_ANALYZER_NONNULL = YES;
				CLANG_CXX_LANGUAGE_STANDARD = "gnu++0x";
				CLANG_CXX_LIBRARY = "libc++";
				CLANG_ENABLE_MODULES = YES;
				CLANG_ENABLE_OBJC_ARC = YES;
				CLANG_WARN_BOOL_CONVERSION = YES;
				CLANG_WARN_CONSTANT_CONVERSION = YES;
				CLANG_WARN_DIRECT_OBJC_ISA_USAGE = YES_ERROR;
				CLANG_WARN_EMPTY_BODY = YES;
				CLANG_WARN_ENUM_CONVERSION = YES;
				CLANG_WARN_INT_CONVERSION = YES;
				CLANG_WARN_OBJC_ROOT_CLASS = YES_ERROR;
				CLANG_WARN_UNREACHABLE_CODE = YES;
				CLANG_WARN__DUPLICATE_METHOD_MATCH = YES;
				"CODE_SIGN_IDENTITY[sdk=iphoneos*]" = "iPhone Developer";
				COPY_PHASE_STRIP = NO;
				DEBUG_INFORMATION_FORMAT = "dwarf-with-dsym";
				ENABLE_NS_ASSERTIONS = NO;
				ENABLE_STRICT_OBJC_MSGSEND = YES;
				GCC_C_LANGUAGE_STANDARD = gnu99;
				GCC_NO_COMMON_BLOCKS = YES;
				GCC_WARN_64_TO_32_BIT_CONVERSION = YES;
				GCC_WARN_ABOUT_RETURN_TYPE = YES_ERROR;
				GCC_WARN_UNDECLARED_SELECTOR = YES;
				GCC_WARN_UNINITIALIZED_AUTOS = YES_AGGRESSIVE;
				GCC_WARN_UNUSED_FUNCTION = YES;
				GCC_WARN_UNUSED_VARIABLE = YES;
				IPHONEOS_DEPLOYMENT_TARGET = 9.3;
				MTL_ENABLE_DEBUG_INFO = NO;
				SDKROOT = iphoneos;
				TARGETED_DEVICE_FAMILY = "1,2";
				VALIDATE_PRODUCT = YES;
			};
			name = Release;
		};
		DE4DCC791D0C5A2D00B7AE5D /* Debug */ = {
			isa = XCBuildConfiguration;
			buildSettings = {
				ASSETCATALOG_COMPILER_APPICON_NAME = AppIcon;
				INFOPLIST_FILE = Storyteller/Info.plist;
				LD_RUNPATH_SEARCH_PATHS = "$(inherited) @executable_path/Frameworks";
				PRODUCT_BUNDLE_IDENTIFIER = com.RyanBritt.Storyteller;
				PRODUCT_NAME = "$(TARGET_NAME)";
			};
			name = Debug;
		};
		DE4DCC7A1D0C5A2D00B7AE5D /* Release */ = {
			isa = XCBuildConfiguration;
			buildSettings = {
				ASSETCATALOG_COMPILER_APPICON_NAME = AppIcon;
				INFOPLIST_FILE = Storyteller/Info.plist;
				LD_RUNPATH_SEARCH_PATHS = "$(inherited) @executable_path/Frameworks";
				PRODUCT_BUNDLE_IDENTIFIER = com.RyanBritt.Storyteller;
				PRODUCT_NAME = "$(TARGET_NAME)";
			};
			name = Release;
		};
		DE4DCC7C1D0C5A2D00B7AE5D /* Debug */ = {
			isa = XCBuildConfiguration;
			buildSettings = {
				BUNDLE_LOADER = "$(TEST_HOST)";
				INFOPLIST_FILE = StorytellerTests/Info.plist;
				LD_RUNPATH_SEARCH_PATHS = "$(inherited) @executable_path/Frameworks @loader_path/Frameworks";
				PRODUCT_BUNDLE_IDENTIFIER = com.RyanBritt.StorytellerTests;
				PRODUCT_NAME = "$(TARGET_NAME)";
				TEST_HOST = "$(BUILT_PRODUCTS_DIR)/Storyteller.app/Storyteller";
			};
			name = Debug;
		};
		DE4DCC7D1D0C5A2D00B7AE5D /* Release */ = {
			isa = XCBuildConfiguration;
			buildSettings = {
				BUNDLE_LOADER = "$(TEST_HOST)";
				INFOPLIST_FILE = StorytellerTests/Info.plist;
				LD_RUNPATH_SEARCH_PATHS = "$(inherited) @executable_path/Frameworks @loader_path/Frameworks";
				PRODUCT_BUNDLE_IDENTIFIER = com.RyanBritt.StorytellerTests;
				PRODUCT_NAME = "$(TARGET_NAME)";
				TEST_HOST = "$(BUILT_PRODUCTS_DIR)/Storyteller.app/Storyteller";
			};
			name = Release;
		};
		DE4DCC7F1D0C5A2D00B7AE5D /* Debug */ = {
			isa = XCBuildConfiguration;
			buildSettings = {
				INFOPLIST_FILE = StorytellerUITests/Info.plist;
				LD_RUNPATH_SEARCH_PATHS = "$(inherited) @executable_path/Frameworks @loader_path/Frameworks";
				PRODUCT_BUNDLE_IDENTIFIER = com.RyanBritt.StorytellerUITests;
				PRODUCT_NAME = "$(TARGET_NAME)";
				TEST_TARGET_NAME = Storyteller;
			};
			name = Debug;
		};
		DE4DCC801D0C5A2D00B7AE5D /* Release */ = {
			isa = XCBuildConfiguration;
			buildSettings = {
				INFOPLIST_FILE = StorytellerUITests/Info.plist;
				LD_RUNPATH_SEARCH_PATHS = "$(inherited) @executable_path/Frameworks @loader_path/Frameworks";
				PRODUCT_BUNDLE_IDENTIFIER = com.RyanBritt.StorytellerUITests;
				PRODUCT_NAME = "$(TARGET_NAME)";
				TEST_TARGET_NAME = Storyteller;
			};
			name = Release;
		};
/* End XCBuildConfiguration section */

/* Begin XCConfigurationList section */
		DE4DCC4B1D0C5A2D00B7AE5D /* Build configuration list for PBXProject "Storyteller" */ = {
			isa = XCConfigurationList;
			buildConfigurations = (
				DE4DCC761D0C5A2D00B7AE5D /* Debug */,
				DE4DCC771D0C5A2D00B7AE5D /* Release */,
			);
			defaultConfigurationIsVisible = 0;
			defaultConfigurationName = Release;
		};
		DE4DCC781D0C5A2D00B7AE5D /* Build configuration list for PBXNativeTarget "Storyteller" */ = {
			isa = XCConfigurationList;
			buildConfigurations = (
				DE4DCC791D0C5A2D00B7AE5D /* Debug */,
				DE4DCC7A1D0C5A2D00B7AE5D /* Release */,
			);
			defaultConfigurationIsVisible = 0;
			defaultConfigurationName = Release;
		};
		DE4DCC7B1D0C5A2D00B7AE5D /* Build configuration list for PBXNativeTarget "StorytellerTests" */ = {
			isa = XCConfigurationList;
			buildConfigurations = (
				DE4DCC7C1D0C5A2D00B7AE5D /* Debug */,
				DE4DCC7D1D0C5A2D00B7AE5D /* Release */,
			);
			defaultConfigurationIsVisible = 0;
			defaultConfigurationName = Release;
		};
		DE4DCC7E1D0C5A2D00B7AE5D /* Build configuration list for PBXNativeTarget "StorytellerUITests" */ = {
			isa = XCConfigurationList;
			buildConfigurations = (
				DE4DCC7F1D0C5A2D00B7AE5D /* Debug */,
				DE4DCC801D0C5A2D00B7AE5D /* Release */,
			);
			defaultConfigurationIsVisible = 0;
			defaultConfigurationName = Release;
		};
/* End XCConfigurationList section */
	};
	rootObject = DE4DCC481D0C5A2D00B7AE5D /* Project object */;
}
